
Microsoft Visual Studio Solution File, Format Version 12.00
# Visual Studio 15
VisualStudioVersion = 15.0.28307.106
MinimumVisualStudioVersion = 10.0.40219.1
Project("{9A19103F-16F7-4668-BE54-9A1E7A4F7556}") = "AutoDoc", "AutoDoc\AutoDoc.csproj", "{B72E48E2-CA41-4E6F-BC2C-3C95257F6566}"
EndProject
Project("{2150E333-8FDC-42A3-9474-1A3956D46DE8}") = "SolutionDocumentation", "SolutionDocumentation", "{38A3BF7E-F55E-4E4A-82BA-F73B5FCB7690}"
	ProjectSection(SolutionItems) = preProject
		SolutionDocumentation\ContributingGuidelines.md = SolutionDocumentation\ContributingGuidelines.md
		SolutionDocumentation\GettingStarted.md = SolutionDocumentation\GettingStarted.md
		SolutionDocumentation\ReadMe.md = SolutionDocumentation\ReadMe.md
		SolutionDocumentation\toc.yml = SolutionDocumentation\toc.yml
	EndProjectSection
EndProject
Project("{2150E333-8FDC-42A3-9474-1A3956D46DE8}") = "Solution Items", "Solution Items", "{E99564E3-1900-4E78-BCC0-5B2F6C789CBA}"
	ProjectSection(SolutionItems) = preProject
		Directory.Build.props = Directory.Build.props
		Index.md = Index.md
		ReadMe.md = ReadMe.md
		toc.yml = toc.yml
	EndProjectSection
EndProject
Global
	GlobalSection(SolutionConfigurationPlatforms) = preSolution
		Debug|Any CPU = Debug|Any CPU
		Release|Any CPU = Release|Any CPU
	EndGlobalSection
	GlobalSection(ProjectConfigurationPlatforms) = postSolution
		{B72E48E2-CA41-4E6F-BC2C-3C95257F6566}.Debug|Any CPU.ActiveCfg = Debug|Any CPU
		{B72E48E2-CA41-4E6F-BC2C-3C95257F6566}.Debug|Any CPU.Build.0 = Debug|Any CPU
		{B72E48E2-CA41-4E6F-BC2C-3C95257F6566}.Release|Any CPU.ActiveCfg = Release|Any CPU
		{B72E48E2-CA41-4E6F-BC2C-3C95257F6566}.Release|Any CPU.Build.0 = Release|Any CPU
	EndGlobalSection
	GlobalSection(SolutionProperties) = preSolution
		HideSolutionNode = FALSE
	EndGlobalSection
	GlobalSection(ExtensibilityGlobals) = postSolution
		SolutionGuid = {47AC3D25-B125-46F3-B181-B0D836AFEAA6}
	EndGlobalSection
EndGlobal
